<Solution>
  <Folder Name="/src/">
    <Project Path="src/StreamVue.Player/StreamVue.Player.csproj" />
  </Folder>
  <Folder Name="/tools/">
    <Project Path="tools/StreamVue.FeatureProbe/StreamVue.FeatureProbe.csproj" />
    <Project Path="tools/StreamVue.GuideCoverageProbe/StreamVue.GuideCoverageProbe.csproj" />
    <Project Path="tools/StreamVue.PlaybackProbe/StreamVue.PlaybackProbe.csproj" />
    <Project Path="tools/StreamVue.PlaylistProbe/StreamVue.PlaylistProbe.csproj" />
  </Folder>
</Solution>
